PODS:
  - Alamofire (4.7.3)
  - JWTDecode (2.1.1)
  - StreamApiCore (0.1.0):
    - Alamofire (~> 4.7)
    - JWTDecode (~> 2.1)

DEPENDENCIES:
  - StreamApiCore (from `../`)

EXTERNAL SOURCES:
  StreamApiCore:
    :path: ../

SPEC CHECKSUMS:
  Alamofire: c7287b6e5d7da964a70935e5db17046b7fde6568
  JWTDecode: 83e8b381aafe27158d9f692cbdca2b12d61d460c
  StreamApiCore: 1c68b60eb0855c946d65b9d4d7ea9fc45c7aa57a

PODFILE CHECKSUM: e4f74d864dac1094207739c05ce0381c59cf6961

COCOAPODS: 1.4.0
