PODS:
  - Alamofire (4.7.3)
  - GetStream (0.1):
    - Moya (~> 11.0)
    - Require
  - Moya (11.0.2):
    - Moya/Core (= 11.0.2)
  - Moya/Core (11.0.2):
    - Alamofire (~> 4.1)
    - Result (~> 3.0)
  - Require (2.0.0)
  - Result (3.2.4)

DEPENDENCIES:
  - GetStream (from `../`)

SPEC REPOS:
  https://github.com/cocoapods/specs.git:
    - Alamofire
    - Moya
    - Require
    - Result

EXTERNAL SOURCES:
  GetStream:
    :path: "../"

SPEC CHECKSUMS:
  Alamofire: c7287b6e5d7da964a70935e5db17046b7fde6568
  GetStream: 1da25d7e3c7a3fe42ae26ee875f60da9c0d7d6c0
  Moya: a725035953bc1c0eb1be505ab903984501d82440
  Require: f93abc18dda985f665465cf027cea7166455fb28
  Result: d2d07204ce72856f1fd9130bbe42c35a7b0fea10

PODFILE CHECKSUM: 3af22fae3f4f727a1703ea1dca7e9364ffc61afd

COCOAPODS: 1.5.3
