// !$*UTF8*$!
{
	archiveVersion = 1;
	classes = {
	};
	objectVersion = 47;
	objects = {

/* Begin PBXBuildFile section */
		52D6D9871BEFF229002C0205 /* GetStream.framework in Frameworks */ = {isa = PBXBuildFile; fileRef = 52D6D97C1BEFF229002C0205 /* GetStream.framework */; };
		8A0116A92212D54200503A07 /* ReactionKind.swift in Sources */ = {isa = PBXBuildFile; fileRef = 8A0116A82212D54200503A07 /* ReactionKind.swift */; };
		8A0116AB2212D65500503A07 /* ReactionExtraDataProtocol.swift in Sources */ = {isa = PBXBuildFile; fileRef = 8A0116AA2212D65500503A07 /* ReactionExtraDataProtocol.swift */; };
		8A0935AA21AC012900C64488 /* Faye.framework in Frameworks */ = {isa = PBXBuildFile; fileRef = 8A0935A121AC012900C64488 /* Faye.framework */; };
		8A0935C321AC030400C64488 /* Client.swift in Sources */ = {isa = PBXBuildFile; fileRef = 8A0935C221AC030400C64488 /* Client.swift */; };
		8A0935CB21AC05AD00C64488 /* Starscream.framework in Frameworks */ = {isa = PBXBuildFile; fileRef = 8A0935CA21AC05AD00C64488 /* Starscream.framework */; settings = {ATTRIBUTES = (Required, ); }; };
		8A0AD18321C8F72800A3167D /* User.swift in Sources */ = {isa = PBXBuildFile; fileRef = 8A0AD18221C8F72800A3167D /* User.swift */; };
		8A0AD18621C906D600A3167D /* Client+Collection.swift in Sources */ = {isa = PBXBuildFile; fileRef = 8A0AD18521C906D600A3167D /* Client+Collection.swift */; };
		8A0AD18821C906F100A3167D /* CollectionEndpoint.swift in Sources */ = {isa = PBXBuildFile; fileRef = 8A0AD18721C906F100A3167D /* CollectionEndpoint.swift */; };
		8A0AD18C21C908BB00A3167D /* CollectionObjectProtocol.swift in Sources */ = {isa = PBXBuildFile; fileRef = 8A0AD18B21C908BB00A3167D /* CollectionObjectProtocol.swift */; };
		8A0AD18E21C9099F00A3167D /* CollectionObject.swift in Sources */ = {isa = PBXBuildFile; fileRef = 8A0AD18D21C9099F00A3167D /* CollectionObject.swift */; };
		8A0AD19421CBB2B100A3167D /* AggregatedFeed.swift in Sources */ = {isa = PBXBuildFile; fileRef = 8A0AD19321CBB2B100A3167D /* AggregatedFeed.swift */; };
		8A0AD19721CBBE9400A3167D /* Group.swift in Sources */ = {isa = PBXBuildFile; fileRef = 8A0AD19621CBBE9400A3167D /* Group.swift */; };
		8A0AD19921CBC9BD00A3167D /* FlatFeed.swift in Sources */ = {isa = PBXBuildFile; fileRef = 8A0AD19821CBC9BD00A3167D /* FlatFeed.swift */; };
		8A0AD19B21CBCBF800A3167D /* Result+ParseGroup.swift in Sources */ = {isa = PBXBuildFile; fileRef = 8A0AD19A21CBCBF800A3167D /* Result+ParseGroup.swift */; };
		8A0AD1A021CBD88B00A3167D /* NotificationFeed.swift in Sources */ = {isa = PBXBuildFile; fileRef = 8A0AD19F21CBD88B00A3167D /* NotificationFeed.swift */; };
		8A0AD1A221CBD8BB00A3167D /* NotificationGroup.swift in Sources */ = {isa = PBXBuildFile; fileRef = 8A0AD1A121CBD8BB00A3167D /* NotificationGroup.swift */; };
		8A0AD1A421CBEA6000A3167D /* Enrichable.swift in Sources */ = {isa = PBXBuildFile; fileRef = 8A0AD1A321CBEA6000A3167D /* Enrichable.swift */; };
		8A2856E121BFF6A80091A977 /* Client+OpenGraph.swift in Sources */ = {isa = PBXBuildFile; fileRef = 8A2856E021BFF6A80091A977 /* Client+OpenGraph.swift */; };
		8A2856E321BFF70A0091A977 /* OpenGraphEndpoint.swift in Sources */ = {isa = PBXBuildFile; fileRef = 8A2856E221BFF70A0091A977 /* OpenGraphEndpoint.swift */; };
		8A2856E621C00E970091A977 /* Client+Reaction.swift in Sources */ = {isa = PBXBuildFile; fileRef = 8A2856E521C00E970091A977 /* Client+Reaction.swift */; };
		8A2856E821C016BB0091A977 /* Pagination.swift in Sources */ = {isa = PBXBuildFile; fileRef = 8A2856E721C016BB0091A977 /* Pagination.swift */; };
		8A2856EA21C0185C0091A977 /* ReactionEndpoint.swift in Sources */ = {isa = PBXBuildFile; fileRef = 8A2856E921C0185C0091A977 /* ReactionEndpoint.swift */; };
		8A2856F021C15AF70091A977 /* Reaction.swift in Sources */ = {isa = PBXBuildFile; fileRef = 8A2856EF21C15AF70091A977 /* Reaction.swift */; };
		8A33004021D4D5B50035BBFB /* UserTests.swift in Sources */ = {isa = PBXBuildFile; fileRef = 8A33003F21D4D5B50035BBFB /* UserTests.swift */; };
		8A33004221D4E0840035BBFB /* ReactionTests.swift in Sources */ = {isa = PBXBuildFile; fileRef = 8A33004121D4E0840035BBFB /* ReactionTests.swift */; };
		8A33F72E21B16AEF006399A6 /* Faye.framework in Frameworks */ = {isa = PBXBuildFile; fileRef = 8A0935A121AC012900C64488 /* Faye.framework */; };
		8A38A63B21AE915000976D54 /* Message.swift in Sources */ = {isa = PBXBuildFile; fileRef = 8A38A63A21AE915000976D54 /* Message.swift */; };
		8A38A63D21AE929400976D54 /* ChannelName.swift in Sources */ = {isa = PBXBuildFile; fileRef = 8A38A63C21AE929400976D54 /* ChannelName.swift */; };
		8A391C5921AC0AF700F645CC /* Moya.framework in Frameworks */ = {isa = PBXBuildFile; fileRef = 8AA6BEB5219D711E005B9C98 /* Moya.framework */; };
		8A391C5D21AC0AFE00F645CC /* Alamofire.framework in Frameworks */ = {isa = PBXBuildFile; fileRef = 8AA6BEB6219D711E005B9C98 /* Alamofire.framework */; };
		8A391C6121AC0B0700F645CC /* Result.framework in Frameworks */ = {isa = PBXBuildFile; fileRef = 8AA6BEB8219D711F005B9C98 /* Result.framework */; };
		8A391C6621AC143500F645CC /* Channel.swift in Sources */ = {isa = PBXBuildFile; fileRef = 8A391C6521AC143500F645CC /* Channel.swift */; };
		8A3A4906219C68810010D831 /* ClientTests.swift in Sources */ = {isa = PBXBuildFile; fileRef = 8A3A4905219C68810010D831 /* ClientTests.swift */; };
		8A411C2A21C3D38E001BE61F /* Reactions.swift in Sources */ = {isa = PBXBuildFile; fileRef = 8A411C2921C3D38E001BE61F /* Reactions.swift */; };
		8A411C2D21C4047F001BE61F /* Client+User.swift in Sources */ = {isa = PBXBuildFile; fileRef = 8A411C2C21C4047F001BE61F /* Client+User.swift */; };
		8A411C2F21C4048A001BE61F /* UserEndpoint.swift in Sources */ = {isa = PBXBuildFile; fileRef = 8A411C2E21C4048A001BE61F /* UserEndpoint.swift */; };
		8A411C3121C40495001BE61F /* UserProtocol.swift in Sources */ = {isa = PBXBuildFile; fileRef = 8A411C3021C40495001BE61F /* UserProtocol.swift */; };
		8A4B11F121DE368700D19ADB /* Token.swift in Sources */ = {isa = PBXBuildFile; fileRef = 8A4B11F021DE368700D19ADB /* Token.swift */; };
		8A5150E321D0E5170070199F /* AggregatedFeedTests.swift in Sources */ = {isa = PBXBuildFile; fileRef = 8A5150E221D0E5170070199F /* AggregatedFeedTests.swift */; };
		8A5150E521D0EED60070199F /* NotificationFeedTests.swift in Sources */ = {isa = PBXBuildFile; fileRef = 8A5150E421D0EED60070199F /* NotificationFeedTests.swift */; };
		8A5150E721D0F4690070199F /* CollectionTests.swift in Sources */ = {isa = PBXBuildFile; fileRef = 8A5150E621D0F4690070199F /* CollectionTests.swift */; };
		8A5150E921D11FF70070199F /* FilesTests.swift in Sources */ = {isa = PBXBuildFile; fileRef = 8A5150E821D11FF70070199F /* FilesTests.swift */; };
		8A5150EB21D139E50070199F /* OGTests.swift in Sources */ = {isa = PBXBuildFile; fileRef = 8A5150EA21D139E50070199F /* OGTests.swift */; };
		8A6283E12199AEE20002913D /* AuthorizationMoyaPlugin.swift in Sources */ = {isa = PBXBuildFile; fileRef = 8A6283D32199AEE20002913D /* AuthorizationMoyaPlugin.swift */; };
		8A6283E52199AEE20002913D /* MoyaError+ClientError.swift in Sources */ = {isa = PBXBuildFile; fileRef = 8A6283D42199AEE20002913D /* MoyaError+ClientError.swift */; };
		8A6283E92199AEE20002913D /* Codable+Extensions.swift in Sources */ = {isa = PBXBuildFile; fileRef = 8A6283D62199AEE20002913D /* Codable+Extensions.swift */; };
		8A6283ED2199AEE20002913D /* Dictionary+Extensions.swift in Sources */ = {isa = PBXBuildFile; fileRef = 8A6283D72199AEE20002913D /* Dictionary+Extensions.swift */; };
		8A6283F12199AEE20002913D /* GetStream.swift in Sources */ = {isa = PBXBuildFile; fileRef = 8A6283D82199AEE20002913D /* GetStream.swift */; };
		8A6283F52199AEE20002913D /* FeedEndpoint.swift in Sources */ = {isa = PBXBuildFile; fileRef = 8A6283DA2199AEE20002913D /* FeedEndpoint.swift */; };
		8A6283F92199AEE20002913D /* Activity.swift in Sources */ = {isa = PBXBuildFile; fileRef = 8A6283DB2199AEE20002913D /* Activity.swift */; };
		8A6283FD2199AEE20002913D /* Feed.swift in Sources */ = {isa = PBXBuildFile; fileRef = 8A6283DC2199AEE20002913D /* Feed.swift */; };
		8A6284012199AEE20002913D /* BaseURL.swift in Sources */ = {isa = PBXBuildFile; fileRef = 8A6283DE2199AEE20002913D /* BaseURL.swift */; };
		8A6284052199AEE20002913D /* Client.swift in Sources */ = {isa = PBXBuildFile; fileRef = 8A6283DF2199AEE20002913D /* Client.swift */; };
		8A6284092199AEE20002913D /* ClientError.swift in Sources */ = {isa = PBXBuildFile; fileRef = 8A6283E02199AEE20002913D /* ClientError.swift */; };
		8A6284142199CF9C0002913D /* FeedId.swift in Sources */ = {isa = PBXBuildFile; fileRef = 8A6284132199CF9C0002913D /* FeedId.swift */; };
		8A64566A21A306AB00E890F4 /* Follower.swift in Sources */ = {isa = PBXBuildFile; fileRef = 8A64566921A306AB00E890F4 /* Follower.swift */; };
		8A64566F21A45E2700E890F4 /* ExtensionsTests.swift in Sources */ = {isa = PBXBuildFile; fileRef = 8A64566E21A45E2700E890F4 /* ExtensionsTests.swift */; };
		8A79C80C21C7A07F00970C0C /* StreamTargetType.swift in Sources */ = {isa = PBXBuildFile; fileRef = 8A79C80B21C7A07F00970C0C /* StreamTargetType.swift */; };
		8A8AFEFE21AC07B800A1D512 /* FayeTests.swift in Sources */ = {isa = PBXBuildFile; fileRef = 8A8AFEFD21AC07B800A1D512 /* FayeTests.swift */; };
		8A8AFEFF21AC07C700A1D512 /* TestCase.swift in Sources */ = {isa = PBXBuildFile; fileRef = 8AE7F99C21A59C8B0074DA21 /* TestCase.swift */; };
		8A92B1E0219ACDEB0043B8DC /* ActivityProtocol.swift in Sources */ = {isa = PBXBuildFile; fileRef = 8A92B1DF219ACDEB0043B8DC /* ActivityProtocol.swift */; };
		8AAD3E7321E8C4C500FDB25D /* Response.swift in Sources */ = {isa = PBXBuildFile; fileRef = 8AAD3E7221E8C4C500FDB25D /* Response.swift */; };
		8AAD3E7521E8EB3B00FDB25D /* File.swift in Sources */ = {isa = PBXBuildFile; fileRef = 8AAD3E7421E8EB3B00FDB25D /* File.swift */; };
		8ABC207A21BAB8D10033EE8F /* Client+Files.swift in Sources */ = {isa = PBXBuildFile; fileRef = 8ABC207921BAB8D10033EE8F /* Client+Files.swift */; };
		8ABC207C21BAB9150033EE8F /* FilesEndpoint.swift in Sources */ = {isa = PBXBuildFile; fileRef = 8ABC207B21BAB9150033EE8F /* FilesEndpoint.swift */; };
		8ABC207E21BE5D680033EE8F /* ImageProcess.swift in Sources */ = {isa = PBXBuildFile; fileRef = 8ABC207D21BE5D680033EE8F /* ImageProcess.swift */; };
		8ACD0E8321BFEC9100B7CC4E /* Swime.framework in Frameworks */ = {isa = PBXBuildFile; fileRef = 8ACD0E8221BFEC9100B7CC4E /* Swime.framework */; };
		8AD1A0FA21DCFEA800996BE6 /* Feed+Following.swift in Sources */ = {isa = PBXBuildFile; fileRef = 8AD1A0F921DCFEA800996BE6 /* Feed+Following.swift */; };
		8AD458B921DE5605007C51B5 /* Client+Faye.swift in Sources */ = {isa = PBXBuildFile; fileRef = 8AE491A121B13FDA008F9036 /* Client+Faye.swift */; };
		8ADCEE88219ECF78001598C1 /* Client+Activity.swift in Sources */ = {isa = PBXBuildFile; fileRef = 8ADCEE87219ECF78001598C1 /* Client+Activity.swift */; };
		8ADCEE8D219ECFD1001598C1 /* ActivityEndpoint.swift in Sources */ = {isa = PBXBuildFile; fileRef = 8ADCEE8C219ECFD1001598C1 /* ActivityEndpoint.swift */; };
		8AE7F99D21A59C8B0074DA21 /* TestCase.swift in Sources */ = {isa = PBXBuildFile; fileRef = 8AE7F99C21A59C8B0074DA21 /* TestCase.swift */; };
		8AE7F9A021A59EE30074DA21 /* String+Extensions.swift in Sources */ = {isa = PBXBuildFile; fileRef = 8AE7F99F21A59EE30074DA21 /* String+Extensions.swift */; };
		8AE7F9A321A5A8850074DA21 /* ClientParsingTests.swift in Sources */ = {isa = PBXBuildFile; fileRef = 8AE7F9A221A5A8850074DA21 /* ClientParsingTests.swift */; };
		8AEFF2BC21A587FA006887AB /* FeedTests.swift in Sources */ = {isa = PBXBuildFile; fileRef = 8AEFF2BB21A587FA006887AB /* FeedTests.swift */; };
		8AF44DC721C28D3A00A3A7B4 /* Result+ParseReaction.swift in Sources */ = {isa = PBXBuildFile; fileRef = 8AF44DC621C28D3A00A3A7B4 /* Result+ParseReaction.swift */; };
		8AF44DCB21C294F500A3A7B4 /* Result+ParseResponse.swift in Sources */ = {isa = PBXBuildFile; fileRef = 8AF44DCA21C294F500A3A7B4 /* Result+ParseResponse.swift */; };
		8AF44DCD21C2994700A3A7B4 /* Result+ParseFeed.swift in Sources */ = {isa = PBXBuildFile; fileRef = 8AF44DCC21C2994700A3A7B4 /* Result+ParseFeed.swift */; };
		8AF44DD121C29ADB00A3A7B4 /* Result+ParseUpload.swift in Sources */ = {isa = PBXBuildFile; fileRef = 8AF44DD021C29ADB00A3A7B4 /* Result+ParseUpload.swift */; };
/* End PBXBuildFile section */

/* Begin PBXContainerItemProxy section */
		52D6D9881BEFF229002C0205 /* PBXContainerItemProxy */ = {
			isa = PBXContainerItemProxy;
			containerPortal = 52D6D9731BEFF229002C0205 /* Project object */;
			proxyType = 1;
			remoteGlobalIDString = 52D6D97B1BEFF229002C0205;
			remoteInfo = GetStream;
		};
		8A0935AB21AC012900C64488 /* PBXContainerItemProxy */ = {
			isa = PBXContainerItemProxy;
			containerPortal = 52D6D9731BEFF229002C0205 /* Project object */;
			proxyType = 1;
			remoteGlobalIDString = 8A0935A021AC012900C64488;
			remoteInfo = Faye;
		};
		8A8AA17B21B170B200870040 /* PBXContainerItemProxy */ = {
			isa = PBXContainerItemProxy;
			containerPortal = 52D6D9731BEFF229002C0205 /* Project object */;
			proxyType = 1;
			remoteGlobalIDString = 8A0935A021AC012900C64488;
			remoteInfo = Faye;
		};
/* End PBXContainerItemProxy section */

/* Begin PBXFileReference section */
		52D6D97C1BEFF229002C0205 /* GetStream.framework */ = {isa = PBXFileReference; explicitFileType = wrapper.framework; includeInIndex = 0; path = GetStream.framework; sourceTree = BUILT_PRODUCTS_DIR; };
		52D6D9861BEFF229002C0205 /* GetStream-iOS Tests.xctest */ = {isa = PBXFileReference; explicitFileType = wrapper.cfbundle; includeInIndex = 0; path = "GetStream-iOS Tests.xctest"; sourceTree = BUILT_PRODUCTS_DIR; };
		8A0116A82212D54200503A07 /* ReactionKind.swift */ = {isa = PBXFileReference; lastKnownFileType = sourcecode.swift; path = ReactionKind.swift; sourceTree = "<group>"; };
		8A0116AA2212D65500503A07 /* ReactionExtraDataProtocol.swift */ = {isa = PBXFileReference; lastKnownFileType = sourcecode.swift; path = ReactionExtraDataProtocol.swift; sourceTree = "<group>"; };
		8A0935A121AC012900C64488 /* Faye.framework */ = {isa = PBXFileReference; explicitFileType = wrapper.framework; includeInIndex = 0; path = Faye.framework; sourceTree = BUILT_PRODUCTS_DIR; };
		8A0935A921AC012900C64488 /* FayeTests.xctest */ = {isa = PBXFileReference; explicitFileType = wrapper.cfbundle; includeInIndex = 0; path = FayeTests.xctest; sourceTree = BUILT_PRODUCTS_DIR; };
		8A0935C221AC030400C64488 /* Client.swift */ = {isa = PBXFileReference; lastKnownFileType = sourcecode.swift; path = Client.swift; sourceTree = "<group>"; };
		8A0935C421AC038000C64488 /* Faye.plist */ = {isa = PBXFileReference; fileEncoding = 4; lastKnownFileType = text.plist.xml; path = Faye.plist; sourceTree = "<group>"; };
		8A0935C621AC038700C64488 /* FayeTests.plist */ = {isa = PBXFileReference; fileEncoding = 4; lastKnownFileType = text.plist.xml; path = FayeTests.plist; sourceTree = "<group>"; };
		8A0935CA21AC05AD00C64488 /* Starscream.framework */ = {isa = PBXFileReference; lastKnownFileType = wrapper.framework; name = Starscream.framework; path = Carthage/Build/iOS/Starscream.framework; sourceTree = "<group>"; };
		8A0AD18221C8F72800A3167D /* User.swift */ = {isa = PBXFileReference; lastKnownFileType = sourcecode.swift; path = User.swift; sourceTree = "<group>"; };
		8A0AD18521C906D600A3167D /* Client+Collection.swift */ = {isa = PBXFileReference; lastKnownFileType = sourcecode.swift; path = "Client+Collection.swift"; sourceTree = "<group>"; };
		8A0AD18721C906F100A3167D /* CollectionEndpoint.swift */ = {isa = PBXFileReference; lastKnownFileType = sourcecode.swift; path = CollectionEndpoint.swift; sourceTree = "<group>"; };
		8A0AD18B21C908BB00A3167D /* CollectionObjectProtocol.swift */ = {isa = PBXFileReference; lastKnownFileType = sourcecode.swift; path = CollectionObjectProtocol.swift; sourceTree = "<group>"; };
		8A0AD18D21C9099F00A3167D /* CollectionObject.swift */ = {isa = PBXFileReference; lastKnownFileType = sourcecode.swift; path = CollectionObject.swift; sourceTree = "<group>"; };
		8A0AD19321CBB2B100A3167D /* AggregatedFeed.swift */ = {isa = PBXFileReference; lastKnownFileType = sourcecode.swift; path = AggregatedFeed.swift; sourceTree = "<group>"; };
		8A0AD19621CBBE9400A3167D /* Group.swift */ = {isa = PBXFileReference; lastKnownFileType = sourcecode.swift; path = Group.swift; sourceTree = "<group>"; };
		8A0AD19821CBC9BD00A3167D /* FlatFeed.swift */ = {isa = PBXFileReference; lastKnownFileType = sourcecode.swift; path = FlatFeed.swift; sourceTree = "<group>"; };
		8A0AD19A21CBCBF800A3167D /* Result+ParseGroup.swift */ = {isa = PBXFileReference; lastKnownFileType = sourcecode.swift; path = "Result+ParseGroup.swift"; sourceTree = "<group>"; };
		8A0AD19F21CBD88B00A3167D /* NotificationFeed.swift */ = {isa = PBXFileReference; lastKnownFileType = sourcecode.swift; path = NotificationFeed.swift; sourceTree = "<group>"; };
		8A0AD1A121CBD8BB00A3167D /* NotificationGroup.swift */ = {isa = PBXFileReference; lastKnownFileType = sourcecode.swift; path = NotificationGroup.swift; sourceTree = "<group>"; };
		8A0AD1A321CBEA6000A3167D /* Enrichable.swift */ = {isa = PBXFileReference; lastKnownFileType = sourcecode.swift; path = Enrichable.swift; sourceTree = "<group>"; };
		8A2856E021BFF6A80091A977 /* Client+OpenGraph.swift */ = {isa = PBXFileReference; lastKnownFileType = sourcecode.swift; path = "Client+OpenGraph.swift"; sourceTree = "<group>"; };
		8A2856E221BFF70A0091A977 /* OpenGraphEndpoint.swift */ = {isa = PBXFileReference; lastKnownFileType = sourcecode.swift; path = OpenGraphEndpoint.swift; sourceTree = "<group>"; };
		8A2856E521C00E970091A977 /* Client+Reaction.swift */ = {isa = PBXFileReference; lastKnownFileType = sourcecode.swift; path = "Client+Reaction.swift"; sourceTree = "<group>"; };
		8A2856E721C016BB0091A977 /* Pagination.swift */ = {isa = PBXFileReference; lastKnownFileType = sourcecode.swift; path = Pagination.swift; sourceTree = "<group>"; };
		8A2856E921C0185C0091A977 /* ReactionEndpoint.swift */ = {isa = PBXFileReference; lastKnownFileType = sourcecode.swift; path = ReactionEndpoint.swift; sourceTree = "<group>"; };
		8A2856EF21C15AF70091A977 /* Reaction.swift */ = {isa = PBXFileReference; lastKnownFileType = sourcecode.swift; path = Reaction.swift; sourceTree = "<group>"; };
		8A33003F21D4D5B50035BBFB /* UserTests.swift */ = {isa = PBXFileReference; lastKnownFileType = sourcecode.swift; path = UserTests.swift; sourceTree = "<group>"; };
		8A33004121D4E0840035BBFB /* ReactionTests.swift */ = {isa = PBXFileReference; lastKnownFileType = sourcecode.swift; path = ReactionTests.swift; sourceTree = "<group>"; };
		8A38A63A21AE915000976D54 /* Message.swift */ = {isa = PBXFileReference; lastKnownFileType = sourcecode.swift; path = Message.swift; sourceTree = "<group>"; };
		8A38A63C21AE929400976D54 /* ChannelName.swift */ = {isa = PBXFileReference; lastKnownFileType = sourcecode.swift; path = ChannelName.swift; sourceTree = "<group>"; };
		8A391C6521AC143500F645CC /* Channel.swift */ = {isa = PBXFileReference; lastKnownFileType = sourcecode.swift; path = Channel.swift; sourceTree = "<group>"; };
		8A3A4905219C68810010D831 /* ClientTests.swift */ = {isa = PBXFileReference; lastKnownFileType = sourcecode.swift; path = ClientTests.swift; sourceTree = "<group>"; };
		8A411C2921C3D38E001BE61F /* Reactions.swift */ = {isa = PBXFileReference; lastKnownFileType = sourcecode.swift; path = Reactions.swift; sourceTree = "<group>"; };
		8A411C2C21C4047F001BE61F /* Client+User.swift */ = {isa = PBXFileReference; lastKnownFileType = sourcecode.swift; path = "Client+User.swift"; sourceTree = "<group>"; };
		8A411C2E21C4048A001BE61F /* UserEndpoint.swift */ = {isa = PBXFileReference; lastKnownFileType = sourcecode.swift; path = UserEndpoint.swift; sourceTree = "<group>"; };
		8A411C3021C40495001BE61F /* UserProtocol.swift */ = {isa = PBXFileReference; lastKnownFileType = sourcecode.swift; path = UserProtocol.swift; sourceTree = "<group>"; };
		8A4B11EF21DD340B00D19ADB /* Faye.podspec */ = {isa = PBXFileReference; lastKnownFileType = text; path = Faye.podspec; sourceTree = SOURCE_ROOT; };
		8A4B11F021DE368700D19ADB /* Token.swift */ = {isa = PBXFileReference; lastKnownFileType = sourcecode.swift; path = Token.swift; sourceTree = "<group>"; };
		8A5150E221D0E5170070199F /* AggregatedFeedTests.swift */ = {isa = PBXFileReference; lastKnownFileType = sourcecode.swift; path = AggregatedFeedTests.swift; sourceTree = "<group>"; };
		8A5150E421D0EED60070199F /* NotificationFeedTests.swift */ = {isa = PBXFileReference; lastKnownFileType = sourcecode.swift; path = NotificationFeedTests.swift; sourceTree = "<group>"; };
		8A5150E621D0F4690070199F /* CollectionTests.swift */ = {isa = PBXFileReference; lastKnownFileType = sourcecode.swift; path = CollectionTests.swift; sourceTree = "<group>"; };
		8A5150E821D11FF70070199F /* FilesTests.swift */ = {isa = PBXFileReference; lastKnownFileType = sourcecode.swift; path = FilesTests.swift; sourceTree = "<group>"; };
		8A5150EA21D139E50070199F /* OGTests.swift */ = {isa = PBXFileReference; lastKnownFileType = sourcecode.swift; path = OGTests.swift; sourceTree = "<group>"; };
		8A6283D32199AEE20002913D /* AuthorizationMoyaPlugin.swift */ = {isa = PBXFileReference; fileEncoding = 4; lastKnownFileType = sourcecode.swift; path = AuthorizationMoyaPlugin.swift; sourceTree = "<group>"; };
		8A6283D42199AEE20002913D /* MoyaError+ClientError.swift */ = {isa = PBXFileReference; fileEncoding = 4; lastKnownFileType = sourcecode.swift; path = "MoyaError+ClientError.swift"; sourceTree = "<group>"; };
		8A6283D62199AEE20002913D /* Codable+Extensions.swift */ = {isa = PBXFileReference; fileEncoding = 4; lastKnownFileType = sourcecode.swift; path = "Codable+Extensions.swift"; sourceTree = "<group>"; };
		8A6283D72199AEE20002913D /* Dictionary+Extensions.swift */ = {isa = PBXFileReference; fileEncoding = 4; lastKnownFileType = sourcecode.swift; path = "Dictionary+Extensions.swift"; sourceTree = "<group>"; };
		8A6283D82199AEE20002913D /* GetStream.swift */ = {isa = PBXFileReference; fileEncoding = 4; lastKnownFileType = sourcecode.swift; path = GetStream.swift; sourceTree = "<group>"; };
		8A6283DA2199AEE20002913D /* FeedEndpoint.swift */ = {isa = PBXFileReference; fileEncoding = 4; lastKnownFileType = sourcecode.swift; path = FeedEndpoint.swift; sourceTree = "<group>"; };
		8A6283DB2199AEE20002913D /* Activity.swift */ = {isa = PBXFileReference; fileEncoding = 4; lastKnownFileType = sourcecode.swift; path = Activity.swift; sourceTree = "<group>"; };
		8A6283DC2199AEE20002913D /* Feed.swift */ = {isa = PBXFileReference; fileEncoding = 4; lastKnownFileType = sourcecode.swift; path = Feed.swift; sourceTree = "<group>"; };
		8A6283DE2199AEE20002913D /* BaseURL.swift */ = {isa = PBXFileReference; fileEncoding = 4; lastKnownFileType = sourcecode.swift; path = BaseURL.swift; sourceTree = "<group>"; };
		8A6283DF2199AEE20002913D /* Client.swift */ = {isa = PBXFileReference; fileEncoding = 4; lastKnownFileType = sourcecode.swift; path = Client.swift; sourceTree = "<group>"; };
		8A6283E02199AEE20002913D /* ClientError.swift */ = {isa = PBXFileReference; fileEncoding = 4; lastKnownFileType = sourcecode.swift; path = ClientError.swift; sourceTree = "<group>"; };
		8A62840E2199B4630002913D /* Token+Generator.swift */ = {isa = PBXFileReference; lastKnownFileType = sourcecode.swift; path = "Token+Generator.swift"; sourceTree = "<group>"; };
		8A6284132199CF9C0002913D /* FeedId.swift */ = {isa = PBXFileReference; lastKnownFileType = sourcecode.swift; path = FeedId.swift; sourceTree = "<group>"; };
		8A64566921A306AB00E890F4 /* Follower.swift */ = {isa = PBXFileReference; lastKnownFileType = sourcecode.swift; path = Follower.swift; sourceTree = "<group>"; };
		8A64566E21A45E2700E890F4 /* ExtensionsTests.swift */ = {isa = PBXFileReference; lastKnownFileType = sourcecode.swift; path = ExtensionsTests.swift; sourceTree = "<group>"; };
		8A6DE4D9219C5CB8001DF2A8 /* GetStream.podspec */ = {isa = PBXFileReference; lastKnownFileType = text; path = GetStream.podspec; sourceTree = SOURCE_ROOT; xcLanguageSpecificationIdentifier = xcode.lang.ruby; };
		8A79C80B21C7A07F00970C0C /* StreamTargetType.swift */ = {isa = PBXFileReference; lastKnownFileType = sourcecode.swift; path = StreamTargetType.swift; sourceTree = "<group>"; };
		8A79F98421D67FD500C58F40 /* README.md */ = {isa = PBXFileReference; lastKnownFileType = net.daringfireball.markdown; path = README.md; sourceTree = SOURCE_ROOT; };
		8A7B688921A6B90F00062FBD /* TokenTests.swift */ = {isa = PBXFileReference; lastKnownFileType = sourcecode.swift; path = TokenTests.swift; sourceTree = "<group>"; };
		8A7B688F21A6F5AB00062FBD /* Package.swift */ = {isa = PBXFileReference; lastKnownFileType = sourcecode.swift; path = Package.swift; sourceTree = SOURCE_ROOT; };
		8A8AFEFD21AC07B800A1D512 /* FayeTests.swift */ = {isa = PBXFileReference; lastKnownFileType = sourcecode.swift; path = FayeTests.swift; sourceTree = "<group>"; };
		8A92B1DF219ACDEB0043B8DC /* ActivityProtocol.swift */ = {isa = PBXFileReference; lastKnownFileType = sourcecode.swift; path = ActivityProtocol.swift; sourceTree = "<group>"; };
		8AA6BEB5219D711E005B9C98 /* Moya.framework */ = {isa = PBXFileReference; lastKnownFileType = wrapper.framework; name = Moya.framework; path = Carthage/Build/iOS/Moya.framework; sourceTree = "<group>"; };
		8AA6BEB6219D711E005B9C98 /* Alamofire.framework */ = {isa = PBXFileReference; lastKnownFileType = wrapper.framework; name = Alamofire.framework; path = Carthage/Build/iOS/Alamofire.framework; sourceTree = "<group>"; };
		8AA6BEB8219D711F005B9C98 /* Result.framework */ = {isa = PBXFileReference; lastKnownFileType = wrapper.framework; name = Result.framework; path = Carthage/Build/iOS/Result.framework; sourceTree = "<group>"; };
		8AAD3E7221E8C4C500FDB25D /* Response.swift */ = {isa = PBXFileReference; lastKnownFileType = sourcecode.swift; path = Response.swift; sourceTree = "<group>"; };
		8AAD3E7421E8EB3B00FDB25D /* File.swift */ = {isa = PBXFileReference; lastKnownFileType = sourcecode.swift; path = File.swift; sourceTree = "<group>"; };
		8ABC207921BAB8D10033EE8F /* Client+Files.swift */ = {isa = PBXFileReference; lastKnownFileType = sourcecode.swift; path = "Client+Files.swift"; sourceTree = "<group>"; };
		8ABC207B21BAB9150033EE8F /* FilesEndpoint.swift */ = {isa = PBXFileReference; lastKnownFileType = sourcecode.swift; path = FilesEndpoint.swift; sourceTree = "<group>"; };
		8ABC207D21BE5D680033EE8F /* ImageProcess.swift */ = {isa = PBXFileReference; lastKnownFileType = sourcecode.swift; path = ImageProcess.swift; sourceTree = "<group>"; };
		8ACD0E8221BFEC9100B7CC4E /* Swime.framework */ = {isa = PBXFileReference; lastKnownFileType = wrapper.framework; name = Swime.framework; path = Carthage/Build/iOS/Swime.framework; sourceTree = "<group>"; };
		8AD1A0F721DCF51800996BE6 /* LICENSE */ = {isa = PBXFileReference; lastKnownFileType = text; path = LICENSE; sourceTree = SOURCE_ROOT; };
		8AD1A0F921DCFEA800996BE6 /* Feed+Following.swift */ = {isa = PBXFileReference; lastKnownFileType = sourcecode.swift; path = "Feed+Following.swift"; sourceTree = "<group>"; };
		8AD1A0FB21DD063900996BE6 /* Cartfile */ = {isa = PBXFileReference; lastKnownFileType = text; path = Cartfile; sourceTree = SOURCE_ROOT; };
		8ADCEE87219ECF78001598C1 /* Client+Activity.swift */ = {isa = PBXFileReference; lastKnownFileType = sourcecode.swift; path = "Client+Activity.swift"; sourceTree = "<group>"; };
		8ADCEE8C219ECFD1001598C1 /* ActivityEndpoint.swift */ = {isa = PBXFileReference; lastKnownFileType = sourcecode.swift; path = ActivityEndpoint.swift; sourceTree = "<group>"; };
		8AE491A121B13FDA008F9036 /* Client+Faye.swift */ = {isa = PBXFileReference; lastKnownFileType = sourcecode.swift; path = "Client+Faye.swift"; sourceTree = "<group>"; };
		8AE7F99C21A59C8B0074DA21 /* TestCase.swift */ = {isa = PBXFileReference; lastKnownFileType = sourcecode.swift; path = TestCase.swift; sourceTree = "<group>"; };
		8AE7F99F21A59EE30074DA21 /* String+Extensions.swift */ = {isa = PBXFileReference; lastKnownFileType = sourcecode.swift; path = "String+Extensions.swift"; sourceTree = "<group>"; };
		8AE7F9A221A5A8850074DA21 /* ClientParsingTests.swift */ = {isa = PBXFileReference; lastKnownFileType = sourcecode.swift; path = ClientParsingTests.swift; sourceTree = "<group>"; };
		8AEFF2BB21A587FA006887AB /* FeedTests.swift */ = {isa = PBXFileReference; lastKnownFileType = sourcecode.swift; path = FeedTests.swift; sourceTree = "<group>"; };
		8AF44DC621C28D3A00A3A7B4 /* Result+ParseReaction.swift */ = {isa = PBXFileReference; lastKnownFileType = sourcecode.swift; path = "Result+ParseReaction.swift"; sourceTree = "<group>"; };
		8AF44DCA21C294F500A3A7B4 /* Result+ParseResponse.swift */ = {isa = PBXFileReference; lastKnownFileType = sourcecode.swift; path = "Result+ParseResponse.swift"; sourceTree = "<group>"; };
		8AF44DCC21C2994700A3A7B4 /* Result+ParseFeed.swift */ = {isa = PBXFileReference; lastKnownFileType = sourcecode.swift; path = "Result+ParseFeed.swift"; sourceTree = "<group>"; };
		8AF44DD021C29ADB00A3A7B4 /* Result+ParseUpload.swift */ = {isa = PBXFileReference; lastKnownFileType = sourcecode.swift; path = "Result+ParseUpload.swift"; sourceTree = "<group>"; };
		AD2FAA261CD0B6D800659CF4 /* GetStream.plist */ = {isa = PBXFileReference; fileEncoding = 4; lastKnownFileType = text.plist.xml; path = GetStream.plist; sourceTree = "<group>"; };
		AD2FAA281CD0B6E100659CF4 /* GetStreamTests.plist */ = {isa = PBXFileReference; fileEncoding = 4; lastKnownFileType = text.plist.xml; path = GetStreamTests.plist; sourceTree = "<group>"; };
/* End PBXFileReference section */

/* Begin PBXFrameworksBuildPhase section */
		52D6D9781BEFF229002C0205 /* Frameworks */ = {
			isa = PBXFrameworksBuildPhase;
			buildActionMask = 2147483647;
			files = (
				8A33F72E21B16AEF006399A6 /* Faye.framework in Frameworks */,
				8A391C5921AC0AF700F645CC /* Moya.framework in Frameworks */,
				8A391C5D21AC0AFE00F645CC /* Alamofire.framework in Frameworks */,
				8ACD0E8321BFEC9100B7CC4E /* Swime.framework in Frameworks */,
				8A391C6121AC0B0700F645CC /* Result.framework in Frameworks */,
			);
			runOnlyForDeploymentPostprocessing = 0;
		};
		52D6D9831BEFF229002C0205 /* Frameworks */ = {
			isa = PBXFrameworksBuildPhase;
			buildActionMask = 2147483647;
			files = (
				52D6D9871BEFF229002C0205 /* GetStream.framework in Frameworks */,
			);
			runOnlyForDeploymentPostprocessing = 0;
		};
		8A09359E21AC012900C64488 /* Frameworks */ = {
			isa = PBXFrameworksBuildPhase;
			buildActionMask = 2147483647;
			files = (
				8A0935CB21AC05AD00C64488 /* Starscream.framework in Frameworks */,
			);
			runOnlyForDeploymentPostprocessing = 0;
		};
		8A0935A621AC012900C64488 /* Frameworks */ = {
			isa = PBXFrameworksBuildPhase;
			buildActionMask = 2147483647;
			files = (
				8A0935AA21AC012900C64488 /* Faye.framework in Frameworks */,
			);
			runOnlyForDeploymentPostprocessing = 0;
		};
/* End PBXFrameworksBuildPhase section */

/* Begin PBXGroup section */
		52D6D9721BEFF229002C0205 = {
			isa = PBXGroup;
			children = (
				8933C7811EB5B7E0000D00A4 /* Sources */,
				8A0935A221AC012900C64488 /* Faye */,
				8A7B688D21A6F32A00062FBD /* Tests */,
				52D6D99C1BEFF38C002C0205 /* Configs */,
				8AA6BEB4219D7087005B9C98 /* Frameworks */,
				52D6D97D1BEFF229002C0205 /* Products */,
				8A79F98421D67FD500C58F40 /* README.md */,
				8AD1A0F721DCF51800996BE6 /* LICENSE */,
			);
			sourceTree = "<group>";
		};
		52D6D97D1BEFF229002C0205 /* Products */ = {
			isa = PBXGroup;
			children = (
				52D6D97C1BEFF229002C0205 /* GetStream.framework */,
				52D6D9861BEFF229002C0205 /* GetStream-iOS Tests.xctest */,
				8A0935A121AC012900C64488 /* Faye.framework */,
				8A0935A921AC012900C64488 /* FayeTests.xctest */,
			);
			name = Products;
			sourceTree = "<group>";
		};
		52D6D99C1BEFF38C002C0205 /* Configs */ = {
			isa = PBXGroup;
			children = (
				DD7502721C68FC1B006590AF /* Frameworks */,
				DD7502731C68FC20006590AF /* Tests */,
				8A7B688F21A6F5AB00062FBD /* Package.swift */,
				8A6DE4D9219C5CB8001DF2A8 /* GetStream.podspec */,
				8A4B11EF21DD340B00D19ADB /* Faye.podspec */,
				8AD1A0FB21DD063900996BE6 /* Cartfile */,
			);
			path = Configs;
			sourceTree = "<group>";
		};
		8933C7811EB5B7E0000D00A4 /* Sources */ = {
			isa = PBXGroup;
			children = (
				8A6283D12199AEE20002913D /* Core */,
				8A62840D2199B43F0002913D /* Token */,
				8AE4919E21B13C87008F9036 /* Faye */,
			);
			path = Sources;
			sourceTree = "<group>";
		};
		8A0935A221AC012900C64488 /* Faye */ = {
			isa = PBXGroup;
			children = (
				8A0935C221AC030400C64488 /* Client.swift */,
				8A391C6521AC143500F645CC /* Channel.swift */,
				8A38A63C21AE929400976D54 /* ChannelName.swift */,
				8A38A63A21AE915000976D54 /* Message.swift */,
			);
			path = Faye;
			sourceTree = "<group>";
		};
		8A0AD18421C906B000A3167D /* Collection */ = {
			isa = PBXGroup;
			children = (
				8A0AD18521C906D600A3167D /* Client+Collection.swift */,
				8A0AD18721C906F100A3167D /* CollectionEndpoint.swift */,
				8A0AD18B21C908BB00A3167D /* CollectionObjectProtocol.swift */,
				8A0AD18D21C9099F00A3167D /* CollectionObject.swift */,
			);
			path = Collection;
			sourceTree = "<group>";
		};
		8A0AD19521CBBDBE00A3167D /* Aggregated Feed */ = {
			isa = PBXGroup;
			children = (
				8A0AD19321CBB2B100A3167D /* AggregatedFeed.swift */,
				8A0AD19A21CBCBF800A3167D /* Result+ParseGroup.swift */,
				8A0AD19621CBBE9400A3167D /* Group.swift */,
			);
			path = "Aggregated Feed";
			sourceTree = "<group>";
		};
		8A0AD19E21CBD84B00A3167D /* Notification Feed */ = {
			isa = PBXGroup;
			children = (
				8A0AD19F21CBD88B00A3167D /* NotificationFeed.swift */,
				8A0AD1A121CBD8BB00A3167D /* NotificationGroup.swift */,
			);
			path = "Notification Feed";
			sourceTree = "<group>";
		};
		8A2856DF21BFF6930091A977 /* Open Graph */ = {
			isa = PBXGroup;
			children = (
				8A2856E021BFF6A80091A977 /* Client+OpenGraph.swift */,
				8A2856E221BFF70A0091A977 /* OpenGraphEndpoint.swift */,
			);
			path = "Open Graph";
			sourceTree = "<group>";
		};
		8A2856E421C00DC10091A977 /* Reactions */ = {
			isa = PBXGroup;
			children = (
				8A2856E521C00E970091A977 /* Client+Reaction.swift */,
				8AF44DC621C28D3A00A3A7B4 /* Result+ParseReaction.swift */,
				8A2856E921C0185C0091A977 /* ReactionEndpoint.swift */,
				8A0116AA2212D65500503A07 /* ReactionExtraDataProtocol.swift */,
				8A2856EF21C15AF70091A977 /* Reaction.swift */,
				8A411C2921C3D38E001BE61F /* Reactions.swift */,
				8A0116A82212D54200503A07 /* ReactionKind.swift */,
			);
			path = Reactions;
			sourceTree = "<group>";
		};
		8A411C2B21C4046B001BE61F /* User */ = {
			isa = PBXGroup;
			children = (
				8A411C2C21C4047F001BE61F /* Client+User.swift */,
				8A411C2E21C4048A001BE61F /* UserEndpoint.swift */,
				8A411C3021C40495001BE61F /* UserProtocol.swift */,
				8A0AD18221C8F72800A3167D /* User.swift */,
			);
			path = User;
			sourceTree = "<group>";
		};
		8A6283D12199AEE20002913D /* Core */ = {
			isa = PBXGroup;
			children = (
				8A6283D82199AEE20002913D /* GetStream.swift */,
				8A6283DD2199AEE20002913D /* Client */,
				8A411C2B21C4046B001BE61F /* User */,
				8ADCEE86219ECF43001598C1 /* Activity */,
				8A6283D92199AEE20002913D /* Feed */,
				8A2856E421C00DC10091A977 /* Reactions */,
				8A0AD18421C906B000A3167D /* Collection */,
				8ABC207621BAB8120033EE8F /* Files and Images */,
				8A2856DF21BFF6930091A977 /* Open Graph */,
				8A6283D22199AEE20002913D /* Moya */,
				8A6283D52199AEE20002913D /* Extensions */,
			);
			path = Core;
			sourceTree = "<group>";
		};
		8A6283D22199AEE20002913D /* Moya */ = {
			isa = PBXGroup;
			children = (
				8A6283D32199AEE20002913D /* AuthorizationMoyaPlugin.swift */,
				8A6283D42199AEE20002913D /* MoyaError+ClientError.swift */,
			);
			path = Moya;
			sourceTree = "<group>";
		};
		8A6283D52199AEE20002913D /* Extensions */ = {
			isa = PBXGroup;
			children = (
				8A6283D62199AEE20002913D /* Codable+Extensions.swift */,
				8A6283D72199AEE20002913D /* Dictionary+Extensions.swift */,
			);
			path = Extensions;
			sourceTree = "<group>";
		};
		8A6283D92199AEE20002913D /* Feed */ = {
			isa = PBXGroup;
			children = (
				8A6284132199CF9C0002913D /* FeedId.swift */,
				8A6283DA2199AEE20002913D /* FeedEndpoint.swift */,
				8AF44DCC21C2994700A3A7B4 /* Result+ParseFeed.swift */,
				8A6283DC2199AEE20002913D /* Feed.swift */,
				8A0AD19821CBC9BD00A3167D /* FlatFeed.swift */,
				8A0AD19521CBBDBE00A3167D /* Aggregated Feed */,
				8A0AD19E21CBD84B00A3167D /* Notification Feed */,
				8AD1A0F821DCFE9000996BE6 /* Following */,
			);
			path = Feed;
			sourceTree = "<group>";
		};
		8A6283DD2199AEE20002913D /* Client */ = {
			isa = PBXGroup;
			children = (
				8A4B11F021DE368700D19ADB /* Token.swift */,
				8A6283DF2199AEE20002913D /* Client.swift */,
				8A6283E02199AEE20002913D /* ClientError.swift */,
				8AF44DCA21C294F500A3A7B4 /* Result+ParseResponse.swift */,
				8A6283DE2199AEE20002913D /* BaseURL.swift */,
				8A2856E721C016BB0091A977 /* Pagination.swift */,
				8A79C80B21C7A07F00970C0C /* StreamTargetType.swift */,
				8A0AD1A321CBEA6000A3167D /* Enrichable.swift */,
				8AAD3E7221E8C4C500FDB25D /* Response.swift */,
			);
			path = Client;
			sourceTree = "<group>";
		};
		8A62840D2199B43F0002913D /* Token */ = {
			isa = PBXGroup;
			children = (
				8A62840E2199B4630002913D /* Token+Generator.swift */,
			);
			path = Token;
			sourceTree = "<group>";
		};
		8A7B688C21A6F30300062FBD /* Core */ = {
			isa = PBXGroup;
			children = (
				8A3A4905219C68810010D831 /* ClientTests.swift */,
				8AE7F9A221A5A8850074DA21 /* ClientParsingTests.swift */,
				8AEFF2BB21A587FA006887AB /* FeedTests.swift */,
				8A64566E21A45E2700E890F4 /* ExtensionsTests.swift */,
				8A5150E221D0E5170070199F /* AggregatedFeedTests.swift */,
				8A5150E421D0EED60070199F /* NotificationFeedTests.swift */,
				8A5150E621D0F4690070199F /* CollectionTests.swift */,
				8A33004121D4E0840035BBFB /* ReactionTests.swift */,
				8A33003F21D4D5B50035BBFB /* UserTests.swift */,
				8A5150E821D11FF70070199F /* FilesTests.swift */,
				8A5150EA21D139E50070199F /* OGTests.swift */,
			);
			path = Core;
			sourceTree = "<group>";
		};
		8A7B688D21A6F32A00062FBD /* Tests */ = {
			isa = PBXGroup;
			children = (
				8A7B688C21A6F30300062FBD /* Core */,
				8A7B688E21A6F34400062FBD /* Token */,
				8AE7F99B21A59C620074DA21 /* Extensions */,
				8A8AFEFC21AC078400A1D512 /* Faye */,
			);
			path = Tests;
			sourceTree = "<group>";
		};
		8A7B688E21A6F34400062FBD /* Token */ = {
			isa = PBXGroup;
			children = (
				8A7B688921A6B90F00062FBD /* TokenTests.swift */,
			);
			path = Token;
			sourceTree = "<group>";
		};
		8A8AFEFC21AC078400A1D512 /* Faye */ = {
			isa = PBXGroup;
			children = (
				8A8AFEFD21AC07B800A1D512 /* FayeTests.swift */,
			);
			path = Faye;
			sourceTree = "<group>";
		};
		8AA6BEB4219D7087005B9C98 /* Frameworks */ = {
			isa = PBXGroup;
			children = (
				8AA6BEB6219D711E005B9C98 /* Alamofire.framework */,
				8AA6BEB5219D711E005B9C98 /* Moya.framework */,
				8AA6BEB8219D711F005B9C98 /* Result.framework */,
				8ACD0E8221BFEC9100B7CC4E /* Swime.framework */,
				8A0935CA21AC05AD00C64488 /* Starscream.framework */,
			);
			name = Frameworks;
			sourceTree = "<group>";
		};
		8ABC207621BAB8120033EE8F /* Files and Images */ = {
			isa = PBXGroup;
			children = (
				8ABC207921BAB8D10033EE8F /* Client+Files.swift */,
				8ABC207B21BAB9150033EE8F /* FilesEndpoint.swift */,
				8AF44DD021C29ADB00A3A7B4 /* Result+ParseUpload.swift */,
				8AAD3E7421E8EB3B00FDB25D /* File.swift */,
				8ABC207D21BE5D680033EE8F /* ImageProcess.swift */,
			);
			path = "Files and Images";
			sourceTree = "<group>";
		};
		8AD1A0F821DCFE9000996BE6 /* Following */ = {
			isa = PBXGroup;
			children = (
				8AD1A0F921DCFEA800996BE6 /* Feed+Following.swift */,
				8A64566921A306AB00E890F4 /* Follower.swift */,
			);
			path = Following;
			sourceTree = "<group>";
		};
		8ADCEE86219ECF43001598C1 /* Activity */ = {
			isa = PBXGroup;
			children = (
				8ADCEE87219ECF78001598C1 /* Client+Activity.swift */,
				8ADCEE8C219ECFD1001598C1 /* ActivityEndpoint.swift */,
				8A92B1DF219ACDEB0043B8DC /* ActivityProtocol.swift */,
				8A6283DB2199AEE20002913D /* Activity.swift */,
			);
			path = Activity;
			sourceTree = "<group>";
		};
		8AE4919E21B13C87008F9036 /* Faye */ = {
			isa = PBXGroup;
			children = (
				8AE491A121B13FDA008F9036 /* Client+Faye.swift */,
			);
			path = Faye;
			sourceTree = "<group>";
		};
		8AE7F99B21A59C620074DA21 /* Extensions */ = {
			isa = PBXGroup;
			children = (
				8AE7F99C21A59C8B0074DA21 /* TestCase.swift */,
				8AE7F99F21A59EE30074DA21 /* String+Extensions.swift */,
			);
			path = Extensions;
			sourceTree = "<group>";
		};
		DD7502721C68FC1B006590AF /* Frameworks */ = {
			isa = PBXGroup;
			children = (
				AD2FAA261CD0B6D800659CF4 /* GetStream.plist */,
				8A0935C421AC038000C64488 /* Faye.plist */,
			);
			name = Frameworks;
			sourceTree = "<group>";
		};
		DD7502731C68FC20006590AF /* Tests */ = {
			isa = PBXGroup;
			children = (
				AD2FAA281CD0B6E100659CF4 /* GetStreamTests.plist */,
				8A0935C621AC038700C64488 /* FayeTests.plist */,
			);
			name = Tests;
			sourceTree = "<group>";
		};
/* End PBXGroup section */

/* Begin PBXHeadersBuildPhase section */
		52D6D9791BEFF229002C0205 /* Headers */ = {
			isa = PBXHeadersBuildPhase;
			buildActionMask = 2147483647;
			files = (
			);
			runOnlyForDeploymentPostprocessing = 0;
		};
		8A09359C21AC012900C64488 /* Headers */ = {
			isa = PBXHeadersBuildPhase;
			buildActionMask = 2147483647;
			files = (
			);
			runOnlyForDeploymentPostprocessing = 0;
		};
/* End PBXHeadersBuildPhase section */

/* Begin PBXNativeTarget section */
		52D6D97B1BEFF229002C0205 /* GetStream-iOS */ = {
			isa = PBXNativeTarget;
			buildConfigurationList = 52D6D9901BEFF229002C0205 /* Build configuration list for PBXNativeTarget "GetStream-iOS" */;
			buildPhases = (
				52D6D9771BEFF229002C0205 /* Sources */,
				52D6D9781BEFF229002C0205 /* Frameworks */,
				52D6D9791BEFF229002C0205 /* Headers */,
				52D6D97A1BEFF229002C0205 /* Resources */,
				8ABEAC6821B0281300D9171F /* Carthage */,
			);
			buildRules = (
			);
			dependencies = (
				8A8AA17C21B170B200870040 /* PBXTargetDependency */,
			);
			name = "GetStream-iOS";
			productName = GetStream;
			productReference = 52D6D97C1BEFF229002C0205 /* GetStream.framework */;
			productType = "com.apple.product-type.framework";
		};
		52D6D9851BEFF229002C0205 /* GetStream-iOS Tests */ = {
			isa = PBXNativeTarget;
			buildConfigurationList = 52D6D9931BEFF229002C0205 /* Build configuration list for PBXNativeTarget "GetStream-iOS Tests" */;
			buildPhases = (
				52D6D9821BEFF229002C0205 /* Sources */,
				52D6D9831BEFF229002C0205 /* Frameworks */,
				52D6D9841BEFF229002C0205 /* Resources */,
			);
			buildRules = (
			);
			dependencies = (
				52D6D9891BEFF229002C0205 /* PBXTargetDependency */,
			);
			name = "GetStream-iOS Tests";
			productName = GetStreamTests;
			productReference = 52D6D9861BEFF229002C0205 /* GetStream-iOS Tests.xctest */;
			productType = "com.apple.product-type.bundle.unit-test";
		};
		8A0935A021AC012900C64488 /* Faye */ = {
			isa = PBXNativeTarget;
			buildConfigurationList = 8A0935B821AC012A00C64488 /* Build configuration list for PBXNativeTarget "Faye" */;
			buildPhases = (
				8A09359C21AC012900C64488 /* Headers */,
				8A09359D21AC012900C64488 /* Sources */,
				8A09359E21AC012900C64488 /* Frameworks */,
				8A09359F21AC012900C64488 /* Resources */,
				8ABEAC6921B0283500D9171F /* Carthage */,
			);
			buildRules = (
			);
			dependencies = (
			);
			name = Faye;
			productName = Faye;
			productReference = 8A0935A121AC012900C64488 /* Faye.framework */;
			productType = "com.apple.product-type.framework";
		};
		8A0935A821AC012900C64488 /* FayeTests */ = {
			isa = PBXNativeTarget;
			buildConfigurationList = 8A0935BB21AC012A00C64488 /* Build configuration list for PBXNativeTarget "FayeTests" */;
			buildPhases = (
				8A0935A521AC012900C64488 /* Sources */,
				8A0935A621AC012900C64488 /* Frameworks */,
				8A0935A721AC012900C64488 /* Resources */,
			);
			buildRules = (
			);
			dependencies = (
				8A0935AC21AC012900C64488 /* PBXTargetDependency */,
			);
			name = FayeTests;
			productName = FayeTests;
			productReference = 8A0935A921AC012900C64488 /* FayeTests.xctest */;
			productType = "com.apple.product-type.bundle.unit-test";
		};
/* End PBXNativeTarget section */

/* Begin PBXProject section */
		52D6D9731BEFF229002C0205 /* Project object */ = {
			isa = PBXProject;
			attributes = {
				LastSwiftUpdateCheck = 1010;
				LastUpgradeCheck = 1010;
				ORGANIZATIONNAME = "Stream.io Inc";
				TargetAttributes = {
					52D6D97B1BEFF229002C0205 = {
						CreatedOnToolsVersion = 7.1;
						LastSwiftMigration = 1010;
					};
					52D6D9851BEFF229002C0205 = {
						CreatedOnToolsVersion = 7.1;
						LastSwiftMigration = 1010;
					};
					8A0935A021AC012900C64488 = {
						CreatedOnToolsVersion = 10.1;
						LastSwiftMigration = 1010;
						ProvisioningStyle = Automatic;
					};
					8A0935A821AC012900C64488 = {
						CreatedOnToolsVersion = 10.1;
						LastSwiftMigration = 1010;
						ProvisioningStyle = Automatic;
					};
				};
			};
			buildConfigurationList = 52D6D9761BEFF229002C0205 /* Build configuration list for PBXProject "GetStream" */;
			compatibilityVersion = "Xcode 6.3";
			developmentRegion = English;
			hasScannedForEncodings = 0;
			knownRegions = (
				en,
				Base,
			);
			mainGroup = 52D6D9721BEFF229002C0205;
			productRefGroup = 52D6D97D1BEFF229002C0205 /* Products */;
			projectDirPath = "";
			projectRoot = "";
			targets = (
				52D6D97B1BEFF229002C0205 /* GetStream-iOS */,
				52D6D9851BEFF229002C0205 /* GetStream-iOS Tests */,
				8A0935A021AC012900C64488 /* Faye */,
				8A0935A821AC012900C64488 /* FayeTests */,
			);
		};
/* End PBXProject section */

/* Begin PBXResourcesBuildPhase section */
		52D6D97A1BEFF229002C0205 /* Resources */ = {
			isa = PBXResourcesBuildPhase;
			buildActionMask = 2147483647;
			files = (
			);
			runOnlyForDeploymentPostprocessing = 0;
		};
		52D6D9841BEFF229002C0205 /* Resources */ = {
			isa = PBXResourcesBuildPhase;
			buildActionMask = 2147483647;
			files = (
			);
			runOnlyForDeploymentPostprocessing = 0;
		};
		8A09359F21AC012900C64488 /* Resources */ = {
			isa = PBXResourcesBuildPhase;
			buildActionMask = 2147483647;
			files = (
			);
			runOnlyForDeploymentPostprocessing = 0;
		};
		8A0935A721AC012900C64488 /* Resources */ = {
			isa = PBXResourcesBuildPhase;
			buildActionMask = 2147483647;
			files = (
			);
			runOnlyForDeploymentPostprocessing = 0;
		};
/* End PBXResourcesBuildPhase section */

/* Begin PBXShellScriptBuildPhase section */
		8ABEAC6821B0281300D9171F /* Carthage */ = {
			isa = PBXShellScriptBuildPhase;
			buildActionMask = 2147483647;
			files = (
			);
			inputFileListPaths = (
			);
			inputPaths = (
				"$(SRCROOT)/Carthage/Build/iOS/Alamofire.framework",
				"$(SRCROOT)/Carthage/Build/iOS/Moya.framework",
				"$(SRCROOT)/Carthage/Build/iOS/Result.framework",
				"$(SRCROOT)/Carthage/Build/iOS/Swime.framework",
			);
			name = Carthage;
			outputFileListPaths = (
			);
			outputPaths = (
				"$(BUILT_PRODUCTS_DIR)/$(FRAMEWORKS_FOLDER_PATH)/Alamofire.framework",
				"$(BUILT_PRODUCTS_DIR)/$(FRAMEWORKS_FOLDER_PATH)/Moya.framework",
				"$(BUILT_PRODUCTS_DIR)/$(FRAMEWORKS_FOLDER_PATH)/Result.framework",
				"$(BUILT_PRODUCTS_DIR)/$(FRAMEWORKS_FOLDER_PATH)/Swime.framework",
			);
			runOnlyForDeploymentPostprocessing = 0;
			shellPath = /bin/sh;
			shellScript = "/usr/local/bin/carthage copy-frameworks\n\n";
		};
		8ABEAC6921B0283500D9171F /* Carthage */ = {
			isa = PBXShellScriptBuildPhase;
			buildActionMask = 2147483647;
			files = (
			);
			inputFileListPaths = (
			);
			inputPaths = (
				"$(SRCROOT)/Carthage/Build/iOS/Starscream.framework",
			);
			name = Carthage;
			outputFileListPaths = (
			);
			outputPaths = (
				"$(BUILT_PRODUCTS_DIR)/$(FRAMEWORKS_FOLDER_PATH)/Starscream.framework",
			);
			runOnlyForDeploymentPostprocessing = 0;
			shellPath = /bin/sh;
			shellScript = "/usr/local/bin/carthage copy-frameworks\n";
		};
/* End PBXShellScriptBuildPhase section */

/* Begin PBXSourcesBuildPhase section */
		52D6D9771BEFF229002C0205 /* Sources */ = {
			isa = PBXSourcesBuildPhase;
			buildActionMask = 2147483647;
			files = (
				8A0AD19421CBB2B100A3167D /* AggregatedFeed.swift in Sources */,
				8A0AD18621C906D600A3167D /* Client+Collection.swift in Sources */,
				8ABC207C21BAB9150033EE8F /* FilesEndpoint.swift in Sources */,
				8AF44DC721C28D3A00A3A7B4 /* Result+ParseReaction.swift in Sources */,
				8A6284142199CF9C0002913D /* FeedId.swift in Sources */,
				8A2856E121BFF6A80091A977 /* Client+OpenGraph.swift in Sources */,
				8A411C3121C40495001BE61F /* UserProtocol.swift in Sources */,
				8ADCEE88219ECF78001598C1 /* Client+Activity.swift in Sources */,
				8AD1A0FA21DCFEA800996BE6 /* Feed+Following.swift in Sources */,
				8ABC207A21BAB8D10033EE8F /* Client+Files.swift in Sources */,
				8AF44DD121C29ADB00A3A7B4 /* Result+ParseUpload.swift in Sources */,
				8A6283F52199AEE20002913D /* FeedEndpoint.swift in Sources */,
				8AF44DCB21C294F500A3A7B4 /* Result+ParseResponse.swift in Sources */,
				8A0116AB2212D65500503A07 /* ReactionExtraDataProtocol.swift in Sources */,
				8A0AD19721CBBE9400A3167D /* Group.swift in Sources */,
				8A4B11F121DE368700D19ADB /* Token.swift in Sources */,
				8A0AD1A421CBEA6000A3167D /* Enrichable.swift in Sources */,
				8A2856E321BFF70A0091A977 /* OpenGraphEndpoint.swift in Sources */,
				8A411C2D21C4047F001BE61F /* Client+User.swift in Sources */,
				8A0AD18E21C9099F00A3167D /* CollectionObject.swift in Sources */,
				8A6283FD2199AEE20002913D /* Feed.swift in Sources */,
				8A0AD19921CBC9BD00A3167D /* FlatFeed.swift in Sources */,
				8A0AD18C21C908BB00A3167D /* CollectionObjectProtocol.swift in Sources */,
				8A6283E92199AEE20002913D /* Codable+Extensions.swift in Sources */,
				8A6283F92199AEE20002913D /* Activity.swift in Sources */,
				8A6283E52199AEE20002913D /* MoyaError+ClientError.swift in Sources */,
				8A0AD18321C8F72800A3167D /* User.swift in Sources */,
				8ABC207E21BE5D680033EE8F /* ImageProcess.swift in Sources */,
				8A411C2A21C3D38E001BE61F /* Reactions.swift in Sources */,
				8AAD3E7521E8EB3B00FDB25D /* File.swift in Sources */,
				8AD458B921DE5605007C51B5 /* Client+Faye.swift in Sources */,
				8A6284092199AEE20002913D /* ClientError.swift in Sources */,
				8A2856F021C15AF70091A977 /* Reaction.swift in Sources */,
				8A0AD18821C906F100A3167D /* CollectionEndpoint.swift in Sources */,
				8ADCEE8D219ECFD1001598C1 /* ActivityEndpoint.swift in Sources */,
				8A0AD1A021CBD88B00A3167D /* NotificationFeed.swift in Sources */,
				8A64566A21A306AB00E890F4 /* Follower.swift in Sources */,
				8A2856E621C00E970091A977 /* Client+Reaction.swift in Sources */,
				8AAD3E7321E8C4C500FDB25D /* Response.swift in Sources */,
				8A0AD1A221CBD8BB00A3167D /* NotificationGroup.swift in Sources */,
				8A6283E12199AEE20002913D /* AuthorizationMoyaPlugin.swift in Sources */,
				8A2856EA21C0185C0091A977 /* ReactionEndpoint.swift in Sources */,
				8A6283ED2199AEE20002913D /* Dictionary+Extensions.swift in Sources */,
				8A411C2F21C4048A001BE61F /* UserEndpoint.swift in Sources */,
				8A6283F12199AEE20002913D /* GetStream.swift in Sources */,
				8A0116A92212D54200503A07 /* ReactionKind.swift in Sources */,
				8A0AD19B21CBCBF800A3167D /* Result+ParseGroup.swift in Sources */,
				8A79C80C21C7A07F00970C0C /* StreamTargetType.swift in Sources */,
				8A6284052199AEE20002913D /* Client.swift in Sources */,
				8A92B1E0219ACDEB0043B8DC /* ActivityProtocol.swift in Sources */,
				8A6284012199AEE20002913D /* BaseURL.swift in Sources */,
				8AF44DCD21C2994700A3A7B4 /* Result+ParseFeed.swift in Sources */,
				8A2856E821C016BB0091A977 /* Pagination.swift in Sources */,
			);
			runOnlyForDeploymentPostprocessing = 0;
		};
		52D6D9821BEFF229002C0205 /* Sources */ = {
			isa = PBXSourcesBuildPhase;
			buildActionMask = 2147483647;
			files = (
				8AE7F9A021A59EE30074DA21 /* String+Extensions.swift in Sources */,
				8A5150E721D0F4690070199F /* CollectionTests.swift in Sources */,
				8AE7F9A321A5A8850074DA21 /* ClientParsingTests.swift in Sources */,
				8A5150E521D0EED60070199F /* NotificationFeedTests.swift in Sources */,
				8A33004221D4E0840035BBFB /* ReactionTests.swift in Sources */,
				8A5150E921D11FF70070199F /* FilesTests.swift in Sources */,
				8AEFF2BC21A587FA006887AB /* FeedTests.swift in Sources */,
				8AE7F99D21A59C8B0074DA21 /* TestCase.swift in Sources */,
				8A3A4906219C68810010D831 /* ClientTests.swift in Sources */,
				8A64566F21A45E2700E890F4 /* ExtensionsTests.swift in Sources */,
				8A5150EB21D139E50070199F /* OGTests.swift in Sources */,
				8A5150E321D0E5170070199F /* AggregatedFeedTests.swift in Sources */,
				8A33004021D4D5B50035BBFB /* UserTests.swift in Sources */,
			);
			runOnlyForDeploymentPostprocessing = 0;
		};
		8A09359D21AC012900C64488 /* Sources */ = {
			isa = PBXSourcesBuildPhase;
			buildActionMask = 2147483647;
			files = (
				8A0935C321AC030400C64488 /* Client.swift in Sources */,
				8A38A63B21AE915000976D54 /* Message.swift in Sources */,
				8A391C6621AC143500F645CC /* Channel.swift in Sources */,
				8A38A63D21AE929400976D54 /* ChannelName.swift in Sources */,
			);
			runOnlyForDeploymentPostprocessing = 0;
		};
		8A0935A521AC012900C64488 /* Sources */ = {
			isa = PBXSourcesBuildPhase;
			buildActionMask = 2147483647;
			files = (
				8A8AFEFE21AC07B800A1D512 /* FayeTests.swift in Sources */,
				8A8AFEFF21AC07C700A1D512 /* TestCase.swift in Sources */,
			);
			runOnlyForDeploymentPostprocessing = 0;
		};
/* End PBXSourcesBuildPhase section */

/* Begin PBXTargetDependency section */
		52D6D9891BEFF229002C0205 /* PBXTargetDependency */ = {
			isa = PBXTargetDependency;
			target = 52D6D97B1BEFF229002C0205 /* GetStream-iOS */;
			targetProxy = 52D6D9881BEFF229002C0205 /* PBXContainerItemProxy */;
		};
		8A0935AC21AC012900C64488 /* PBXTargetDependency */ = {
			isa = PBXTargetDependency;
			target = 8A0935A021AC012900C64488 /* Faye */;
			targetProxy = 8A0935AB21AC012900C64488 /* PBXContainerItemProxy */;
		};
		8A8AA17C21B170B200870040 /* PBXTargetDependency */ = {
			isa = PBXTargetDependency;
			target = 8A0935A021AC012900C64488 /* Faye */;
			targetProxy = 8A8AA17B21B170B200870040 /* PBXContainerItemProxy */;
		};
/* End PBXTargetDependency section */

/* Begin XCBuildConfiguration section */
		52D6D98E1BEFF229002C0205 /* Debug */ = {
			isa = XCBuildConfiguration;
			buildSettings = {
				ALWAYS_SEARCH_USER_PATHS = NO;
				CLANG_CXX_LANGUAGE_STANDARD = "gnu++0x";
				CLANG_CXX_LIBRARY = "libc++";
				CLANG_ENABLE_MODULES = YES;
				CLANG_ENABLE_OBJC_ARC = YES;
				CLANG_WARN_BLOCK_CAPTURE_AUTORELEASING = YES;
				CLANG_WARN_BOOL_CONVERSION = YES;
				CLANG_WARN_COMMA = YES;
				CLANG_WARN_CONSTANT_CONVERSION = YES;
				CLANG_WARN_DEPRECATED_OBJC_IMPLEMENTATIONS = YES;
				CLANG_WARN_DIRECT_OBJC_ISA_USAGE = YES_ERROR;
				CLANG_WARN_EMPTY_BODY = YES;
				CLANG_WARN_ENUM_CONVERSION = YES;
				CLANG_WARN_INFINITE_RECURSION = YES;
				CLANG_WARN_INT_CONVERSION = YES;
				CLANG_WARN_NON_LITERAL_NULL_CONVERSION = YES;
				CLANG_WARN_OBJC_IMPLICIT_RETAIN_SELF = YES;
				CLANG_WARN_OBJC_LITERAL_CONVERSION = YES;
				CLANG_WARN_OBJC_ROOT_CLASS = YES_ERROR;
				CLANG_WARN_RANGE_LOOP_ANALYSIS = YES;
				CLANG_WARN_STRICT_PROTOTYPES = YES;
				CLANG_WARN_SUSPICIOUS_MOVE = YES;
				CLANG_WARN_UNREACHABLE_CODE = YES;
				CLANG_WARN__DUPLICATE_METHOD_MATCH = YES;
				CODE_SIGN_IDENTITY = "iPhone Developer";
				"CODE_SIGN_IDENTITY[sdk=iphoneos*]" = "iPhone Developer";
				COPY_PHASE_STRIP = NO;
				CURRENT_PROJECT_VERSION = 1;
				DEBUG_INFORMATION_FORMAT = dwarf;
				ENABLE_STRICT_OBJC_MSGSEND = YES;
				ENABLE_TESTABILITY = YES;
				FRAMEWORK_SEARCH_PATHS = "$(PROJECT_DIR)/Carthage/Build/iOS";
				GCC_C_LANGUAGE_STANDARD = gnu99;
				GCC_DYNAMIC_NO_PIC = NO;
				GCC_NO_COMMON_BLOCKS = YES;
				GCC_OPTIMIZATION_LEVEL = 0;
				GCC_PREPROCESSOR_DEFINITIONS = (
					"DEBUG=1",
					"$(inherited)",
				);
				GCC_WARN_64_TO_32_BIT_CONVERSION = YES;
				GCC_WARN_ABOUT_RETURN_TYPE = YES_ERROR;
				GCC_WARN_UNDECLARED_SELECTOR = YES;
				GCC_WARN_UNINITIALIZED_AUTOS = YES_AGGRESSIVE;
				GCC_WARN_UNUSED_FUNCTION = YES;
				GCC_WARN_UNUSED_VARIABLE = YES;
				IPHONEOS_DEPLOYMENT_TARGET = 9.0;
				MACOSX_DEPLOYMENT_TARGET = 10.9;
				MTL_ENABLE_DEBUG_INFO = YES;
				SDKROOT = iphoneos;
				SWIFT_OPTIMIZATION_LEVEL = "-Onone";
				SWIFT_VERSION = 4.0;
				TARGETED_DEVICE_FAMILY = "1,2";
				TVOS_DEPLOYMENT_TARGET = 9.0;
				VERSIONING_SYSTEM = "apple-generic";
				VERSION_INFO_PREFIX = "";
				WATCHOS_DEPLOYMENT_TARGET = 2.0;
			};
			name = Debug;
		};
		52D6D98F1BEFF229002C0205 /* Release */ = {
			isa = XCBuildConfiguration;
			buildSettings = {
				ALWAYS_SEARCH_USER_PATHS = NO;
				CLANG_CXX_LANGUAGE_STANDARD = "gnu++0x";
				CLANG_CXX_LIBRARY = "libc++";
				CLANG_ENABLE_MODULES = YES;
				CLANG_ENABLE_OBJC_ARC = YES;
				CLANG_WARN_BLOCK_CAPTURE_AUTORELEASING = YES;
				CLANG_WARN_BOOL_CONVERSION = YES;
				CLANG_WARN_COMMA = YES;
				CLANG_WARN_CONSTANT_CONVERSION = YES;
				CLANG_WARN_DEPRECATED_OBJC_IMPLEMENTATIONS = YES;
				CLANG_WARN_DIRECT_OBJC_ISA_USAGE = YES_ERROR;
				CLANG_WARN_EMPTY_BODY = YES;
				CLANG_WARN_ENUM_CONVERSION = YES;
				CLANG_WARN_INFINITE_RECURSION = YES;
				CLANG_WARN_INT_CONVERSION = YES;
				CLANG_WARN_NON_LITERAL_NULL_CONVERSION = YES;
				CLANG_WARN_OBJC_IMPLICIT_RETAIN_SELF = YES;
				CLANG_WARN_OBJC_LITERAL_CONVERSION = YES;
				CLANG_WARN_OBJC_ROOT_CLASS = YES_ERROR;
				CLANG_WARN_RANGE_LOOP_ANALYSIS = YES;
				CLANG_WARN_STRICT_PROTOTYPES = YES;
				CLANG_WARN_SUSPICIOUS_MOVE = YES;
				CLANG_WARN_UNREACHABLE_CODE = YES;
				CLANG_WARN__DUPLICATE_METHOD_MATCH = YES;
				CODE_SIGN_IDENTITY = "iPhone Developer";
				"CODE_SIGN_IDENTITY[sdk=iphoneos*]" = "iPhone Developer";
				COPY_PHASE_STRIP = NO;
				CURRENT_PROJECT_VERSION = 1;
				DEBUG_INFORMATION_FORMAT = "dwarf-with-dsym";
				ENABLE_NS_ASSERTIONS = NO;
				ENABLE_STRICT_OBJC_MSGSEND = YES;
				FRAMEWORK_SEARCH_PATHS = "$(PROJECT_DIR)/Carthage/Build/iOS";
				GCC_C_LANGUAGE_STANDARD = gnu99;
				GCC_NO_COMMON_BLOCKS = YES;
				GCC_WARN_64_TO_32_BIT_CONVERSION = YES;
				GCC_WARN_ABOUT_RETURN_TYPE = YES_ERROR;
				GCC_WARN_UNDECLARED_SELECTOR = YES;
				GCC_WARN_UNINITIALIZED_AUTOS = YES_AGGRESSIVE;
				GCC_WARN_UNUSED_FUNCTION = YES;
				GCC_WARN_UNUSED_VARIABLE = YES;
				IPHONEOS_DEPLOYMENT_TARGET = 9.0;
				MACOSX_DEPLOYMENT_TARGET = 10.9;
				MTL_ENABLE_DEBUG_INFO = NO;
				SDKROOT = iphoneos;
				SWIFT_VERSION = 4.0;
				TARGETED_DEVICE_FAMILY = "1,2";
				TVOS_DEPLOYMENT_TARGET = 9.0;
				VALIDATE_PRODUCT = YES;
				VERSIONING_SYSTEM = "apple-generic";
				VERSION_INFO_PREFIX = "";
				WATCHOS_DEPLOYMENT_TARGET = 2.0;
			};
			name = Release;
		};
		52D6D9911BEFF229002C0205 /* Debug */ = {
			isa = XCBuildConfiguration;
			buildSettings = {
				CLANG_ENABLE_MODULES = YES;
				DEFINES_MODULE = YES;
				DYLIB_COMPATIBILITY_VERSION = 1;
				DYLIB_CURRENT_VERSION = 1;
				DYLIB_INSTALL_NAME_BASE = "@rpath";
				FRAMEWORK_SEARCH_PATHS = (
					"$(inherited)",
					"$(PROJECT_DIR)",
				);
				INFOPLIST_FILE = Configs/GetStream.plist;
				INSTALL_PATH = "$(LOCAL_LIBRARY_DIR)/Frameworks";
				LD_RUNPATH_SEARCH_PATHS = "$(inherited) @executable_path/Frameworks @loader_path/Frameworks";
				PRODUCT_BUNDLE_IDENTIFIER = io.getstream.GetStream;
				PRODUCT_NAME = GetStream;
				SKIP_INSTALL = YES;
				SWIFT_OPTIMIZATION_LEVEL = "-Onone";
				SWIFT_VERSION = 4.2;
			};
			name = Debug;
		};
		52D6D9921BEFF229002C0205 /* Release */ = {
			isa = XCBuildConfiguration;
			buildSettings = {
				CLANG_ENABLE_MODULES = YES;
				DEFINES_MODULE = YES;
				DYLIB_COMPATIBILITY_VERSION = 1;
				DYLIB_CURRENT_VERSION = 1;
				DYLIB_INSTALL_NAME_BASE = "@rpath";
				FRAMEWORK_SEARCH_PATHS = (
					"$(inherited)",
					"$(PROJECT_DIR)",
				);
				INFOPLIST_FILE = Configs/GetStream.plist;
				INSTALL_PATH = "$(LOCAL_LIBRARY_DIR)/Frameworks";
				LD_RUNPATH_SEARCH_PATHS = "$(inherited) @executable_path/Frameworks @loader_path/Frameworks";
				PRODUCT_BUNDLE_IDENTIFIER = io.getstream.GetStream;
				PRODUCT_NAME = GetStream;
				SKIP_INSTALL = YES;
				SWIFT_OPTIMIZATION_LEVEL = "-Owholemodule";
				SWIFT_VERSION = 4.2;
			};
			name = Release;
		};
		52D6D9941BEFF229002C0205 /* Debug */ = {
			isa = XCBuildConfiguration;
			buildSettings = {
				ALWAYS_EMBED_SWIFT_STANDARD_LIBRARIES = YES;
				CLANG_ENABLE_MODULES = YES;
				DEVELOPMENT_TEAM = "";
				INFOPLIST_FILE = Configs/GetStreamTests.plist;
				LD_RUNPATH_SEARCH_PATHS = "$(inherited) @executable_path/Frameworks @loader_path/Frameworks $(SRCROOT)/Carthage/Build/iOS";
				PRODUCT_BUNDLE_IDENTIFIER = "com.GetStream.GetStream-iOS-Tests";
				PRODUCT_NAME = "$(TARGET_NAME)";
				SWIFT_OPTIMIZATION_LEVEL = "-Onone";
				SWIFT_VERSION = 4.2;
			};
			name = Debug;
		};
		52D6D9951BEFF229002C0205 /* Release */ = {
			isa = XCBuildConfiguration;
			buildSettings = {
				ALWAYS_EMBED_SWIFT_STANDARD_LIBRARIES = YES;
				CLANG_ENABLE_MODULES = YES;
				DEVELOPMENT_TEAM = "";
				INFOPLIST_FILE = Configs/GetStreamTests.plist;
				LD_RUNPATH_SEARCH_PATHS = "$(inherited) @executable_path/Frameworks @loader_path/Frameworks $(SRCROOT)/Carthage/Build/iOS";
				PRODUCT_BUNDLE_IDENTIFIER = "com.GetStream.GetStream-iOS-Tests";
				PRODUCT_NAME = "$(TARGET_NAME)";
				SWIFT_OPTIMIZATION_LEVEL = "-Owholemodule";
				SWIFT_VERSION = 4.2;
			};
			name = Release;
		};
		8A0935B921AC012A00C64488 /* Debug */ = {
			isa = XCBuildConfiguration;
			buildSettings = {
				CLANG_ANALYZER_NONNULL = YES;
				CLANG_ANALYZER_NUMBER_OBJECT_CONVERSION = YES_AGGRESSIVE;
				CLANG_CXX_LANGUAGE_STANDARD = "gnu++14";
				CLANG_ENABLE_MODULES = YES;
				CLANG_ENABLE_OBJC_WEAK = YES;
				CLANG_WARN_DOCUMENTATION_COMMENTS = YES;
				CLANG_WARN_UNGUARDED_AVAILABILITY = YES_AGGRESSIVE;
				DEFINES_MODULE = YES;
				DYLIB_COMPATIBILITY_VERSION = 1;
				DYLIB_CURRENT_VERSION = 1;
				DYLIB_INSTALL_NAME_BASE = "@rpath";
				GCC_C_LANGUAGE_STANDARD = gnu11;
				INFOPLIST_FILE = Configs/Faye.plist;
				INSTALL_PATH = "$(LOCAL_LIBRARY_DIR)/Frameworks";
				IPHONEOS_DEPLOYMENT_TARGET = 9.0;
				LD_RUNPATH_SEARCH_PATHS = "$(inherited) @executable_path/Frameworks @loader_path/Frameworks";
				MTL_ENABLE_DEBUG_INFO = INCLUDE_SOURCE;
				MTL_FAST_MATH = YES;
				PRODUCT_BUNDLE_IDENTIFIER = io.getstream.Faye;
				PRODUCT_NAME = "$(TARGET_NAME:c99extidentifier)";
				SKIP_INSTALL = YES;
				SWIFT_ACTIVE_COMPILATION_CONDITIONS = DEBUG;
				SWIFT_OPTIMIZATION_LEVEL = "-Onone";
				SWIFT_VERSION = 4.2;
				TARGETED_DEVICE_FAMILY = "1,2";
			};
			name = Debug;
		};
		8A0935BA21AC012A00C64488 /* Release */ = {
			isa = XCBuildConfiguration;
			buildSettings = {
				CLANG_ANALYZER_NONNULL = YES;
				CLANG_ANALYZER_NUMBER_OBJECT_CONVERSION = YES_AGGRESSIVE;
				CLANG_CXX_LANGUAGE_STANDARD = "gnu++14";
				CLANG_ENABLE_MODULES = YES;
				CLANG_ENABLE_OBJC_WEAK = YES;
				CLANG_WARN_DOCUMENTATION_COMMENTS = YES;
				CLANG_WARN_UNGUARDED_AVAILABILITY = YES_AGGRESSIVE;
				DEFINES_MODULE = YES;
				DYLIB_COMPATIBILITY_VERSION = 1;
				DYLIB_CURRENT_VERSION = 1;
				DYLIB_INSTALL_NAME_BASE = "@rpath";
				GCC_C_LANGUAGE_STANDARD = gnu11;
				INFOPLIST_FILE = Configs/Faye.plist;
				INSTALL_PATH = "$(LOCAL_LIBRARY_DIR)/Frameworks";
				IPHONEOS_DEPLOYMENT_TARGET = 9.0;
				LD_RUNPATH_SEARCH_PATHS = "$(inherited) @executable_path/Frameworks @loader_path/Frameworks";
				MTL_FAST_MATH = YES;
				PRODUCT_BUNDLE_IDENTIFIER = io.getstream.Faye;
				PRODUCT_NAME = "$(TARGET_NAME:c99extidentifier)";
				SKIP_INSTALL = YES;
				SWIFT_OPTIMIZATION_LEVEL = "-Owholemodule";
				SWIFT_VERSION = 4.2;
				TARGETED_DEVICE_FAMILY = "1,2";
			};
			name = Release;
		};
		8A0935BC21AC012A00C64488 /* Debug */ = {
			isa = XCBuildConfiguration;
			buildSettings = {
				ALWAYS_EMBED_SWIFT_STANDARD_LIBRARIES = YES;
				CLANG_ANALYZER_NONNULL = YES;
				CLANG_ANALYZER_NUMBER_OBJECT_CONVERSION = YES_AGGRESSIVE;
				CLANG_CXX_LANGUAGE_STANDARD = "gnu++14";
				CLANG_ENABLE_MODULES = YES;
				CLANG_ENABLE_OBJC_WEAK = YES;
				CLANG_WARN_DOCUMENTATION_COMMENTS = YES;
				CLANG_WARN_UNGUARDED_AVAILABILITY = YES_AGGRESSIVE;
				DEVELOPMENT_TEAM = "";
				GCC_C_LANGUAGE_STANDARD = gnu11;
				INFOPLIST_FILE = Configs/FayeTests.plist;
				IPHONEOS_DEPLOYMENT_TARGET = 12.1;
				LD_RUNPATH_SEARCH_PATHS = "$(inherited) @executable_path/Frameworks @loader_path/Frameworks $(SRCROOT)/Carthage/Build/iOS";
				MTL_ENABLE_DEBUG_INFO = INCLUDE_SOURCE;
				MTL_FAST_MATH = YES;
				PRODUCT_BUNDLE_IDENTIFIER = io.getstream.FayeTests;
				PRODUCT_NAME = "$(TARGET_NAME)";
				SWIFT_ACTIVE_COMPILATION_CONDITIONS = DEBUG;
				SWIFT_OPTIMIZATION_LEVEL = "-Onone";
				SWIFT_VERSION = 4.2;
				TARGETED_DEVICE_FAMILY = "1,2";
			};
			name = Debug;
		};
		8A0935BD21AC012A00C64488 /* Release */ = {
			isa = XCBuildConfiguration;
			buildSettings = {
				ALWAYS_EMBED_SWIFT_STANDARD_LIBRARIES = YES;
				CLANG_ANALYZER_NONNULL = YES;
				CLANG_ANALYZER_NUMBER_OBJECT_CONVERSION = YES_AGGRESSIVE;
				CLANG_CXX_LANGUAGE_STANDARD = "gnu++14";
				CLANG_ENABLE_MODULES = YES;
				CLANG_ENABLE_OBJC_WEAK = YES;
				CLANG_WARN_DOCUMENTATION_COMMENTS = YES;
				CLANG_WARN_UNGUARDED_AVAILABILITY = YES_AGGRESSIVE;
				DEVELOPMENT_TEAM = "";
				GCC_C_LANGUAGE_STANDARD = gnu11;
				INFOPLIST_FILE = Configs/FayeTests.plist;
				IPHONEOS_DEPLOYMENT_TARGET = 12.1;
				LD_RUNPATH_SEARCH_PATHS = "$(inherited) @executable_path/Frameworks @loader_path/Frameworks $(SRCROOT)/Carthage/Build/iOS";
				MTL_FAST_MATH = YES;
				PRODUCT_BUNDLE_IDENTIFIER = io.getstream.FayeTests;
				PRODUCT_NAME = "$(TARGET_NAME)";
				SWIFT_OPTIMIZATION_LEVEL = "-Owholemodule";
				SWIFT_VERSION = 4.2;
				TARGETED_DEVICE_FAMILY = "1,2";
			};
			name = Release;
		};
/* End XCBuildConfiguration section */

/* Begin XCConfigurationList section */
		52D6D9761BEFF229002C0205 /* Build configuration list for PBXProject "GetStream" */ = {
			isa = XCConfigurationList;
			buildConfigurations = (
				52D6D98E1BEFF229002C0205 /* Debug */,
				52D6D98F1BEFF229002C0205 /* Release */,
			);
			defaultConfigurationIsVisible = 0;
			defaultConfigurationName = Release;
		};
		52D6D9901BEFF229002C0205 /* Build configuration list for PBXNativeTarget "GetStream-iOS" */ = {
			isa = XCConfigurationList;
			buildConfigurations = (
				52D6D9911BEFF229002C0205 /* Debug */,
				52D6D9921BEFF229002C0205 /* Release */,
			);
			defaultConfigurationIsVisible = 0;
			defaultConfigurationName = Release;
		};
		52D6D9931BEFF229002C0205 /* Build configuration list for PBXNativeTarget "GetStream-iOS Tests" */ = {
			isa = XCConfigurationList;
			buildConfigurations = (
				52D6D9941BEFF229002C0205 /* Debug */,
				52D6D9951BEFF229002C0205 /* Release */,
			);
			defaultConfigurationIsVisible = 0;
			defaultConfigurationName = Release;
		};
		8A0935B821AC012A00C64488 /* Build configuration list for PBXNativeTarget "Faye" */ = {
			isa = XCConfigurationList;
			buildConfigurations = (
				8A0935B921AC012A00C64488 /* Debug */,
				8A0935BA21AC012A00C64488 /* Release */,
			);
			defaultConfigurationIsVisible = 0;
			defaultConfigurationName = Release;
		};
		8A0935BB21AC012A00C64488 /* Build configuration list for PBXNativeTarget "FayeTests" */ = {
			isa = XCConfigurationList;
			buildConfigurations = (
				8A0935BC21AC012A00C64488 /* Debug */,
				8A0935BD21AC012A00C64488 /* Release */,
			);
			defaultConfigurationIsVisible = 0;
			defaultConfigurationName = Release;
		};
/* End XCConfigurationList section */
	};
	rootObject = 52D6D9731BEFF229002C0205 /* Project object */;
}
